// !$*UTF8*$!
{
	archiveVersion = 1;
	classes = {
	};
	objectVersion = 46;
	objects = {

/* Begin PBXBuildFile section */
		7A42319B1C1A4F2000B792B9 /* AppDelegate.swift in Sources */ = {isa = PBXBuildFile; fileRef = 7A42319A1C1A4F2000B792B9 /* AppDelegate.swift */; };
		7A42319D1C1A4F2000B792B9 /* ViewController.swift in Sources */ = {isa = PBXBuildFile; fileRef = 7A42319C1C1A4F2000B792B9 /* ViewController.swift */; };
		7A4231A01C1A4F2000B792B9 /* Main.storyboard in Resources */ = {isa = PBXBuildFile; fileRef = 7A42319E1C1A4F2000B792B9 /* Main.storyboard */; };
		7A4231A21C1A4F2000B792B9 /* Images.xcassets in Resources */ = {isa = PBXBuildFile; fileRef = 7A4231A11C1A4F2000B792B9 /* Images.xcassets */; };
		7A4231A51C1A4F2000B792B9 /* LaunchScreen.xib in Resources */ = {isa = PBXBuildFile; fileRef = 7A4231A31C1A4F2000B792B9 /* LaunchScreen.xib */; };
		7A4231B11C1A4F2000B792B9 /* tipsTests.swift in Sources */ = {isa = PBXBuildFile; fileRef = 7A4231B01C1A4F2000B792B9 /* tipsTests.swift */; };
		7AC80F651C1A7DB900B62556 /* SettingsViewController.swift in Sources */ = {isa = PBXBuildFile; fileRef = 7AC80F641C1A7DB900B62556 /* SettingsViewController.swift */; };
		7AF025D71C1B10EC00B51DAA /* t.jpg in Resources */ = {isa = PBXBuildFile; fileRef = 7AF025D61C1B10EC00B51DAA /* t.jpg */; };
/* End PBXBuildFile section */

/* Begin PBXContainerItemProxy section */
		7A4231AB1C1A4F2000B792B9 /* PBXContainerItemProxy */ = {
			isa = PBXContainerItemProxy;
			containerPortal = 7A42318D1C1A4F2000B792B9 /* Project object */;
			proxyType = 1;
			remoteGlobalIDString = 7A4231941C1A4F2000B792B9;
			remoteInfo = tips;
		};
/* End PBXContainerItemProxy section */

/* Begin PBXFileReference section */
		7A4231951C1A4F2000B792B9 /* TipCal.app */ = {isa = PBXFileReference; explicitFileType = wrapper.application; includeInIndex = 0; path = TipCal.app; sourceTree = BUILT_PRODUCTS_DIR; };
		7A4231991C1A4F2000B792B9 /* Info.plist */ = {isa = PBXFileReference; lastKnownFileType = text.plist.xml; path = Info.plist; sourceTree = "<group>"; };
		7A42319A1C1A4F2000B792B9 /* AppDelegate.swift */ = {isa = PBXFileReference; lastKnownFileType = sourcecode.swift; path = AppDelegate.swift; sourceTree = "<group>"; };
		7A42319C1C1A4F2000B792B9 /* ViewController.swift */ = {isa = PBXFileReference; lastKnownFileType = sourcecode.swift; path = ViewController.swift; sourceTree = "<group>"; };
		7A42319F1C1A4F2000B792B9 /* Base */ = {isa = PBXFileReference; lastKnownFileType = file.storyboard; name = Base; path = Base.lproj/Main.storyboard; sourceTree = "<group>"; };
		7A4231A11C1A4F2000B792B9 /* Images.xcassets */ = {isa = PBXFileReference; lastKnownFileType = folder.assetcatalog; path = Images.xcassets; sourceTree = "<group>"; };
		7A4231A41C1A4F2000B792B9 /* Base */ = {isa = PBXFileReference; lastKnownFileType = file.xib; name = Base; path = Base.lproj/LaunchScreen.xib; sourceTree = "<group>"; };
		7A4231AA1C1A4F2000B792B9 /* TipCal.xctest */ = {isa = PBXFileReference; explicitFileType = wrapper.cfbundle; includeInIndex = 0; path = TipCal.xctest; sourceTree = BUILT_PRODUCTS_DIR; };
		7A4231AF1C1A4F2000B792B9 /* Info.plist */ = {isa = PBXFileReference; lastKnownFileType = text.plist.xml; path = Info.plist; sourceTree = "<group>"; };
		7A4231B01C1A4F2000B792B9 /* tipsTests.swift */ = {isa = PBXFileReference; lastKnownFileType = sourcecode.swift; path = tipsTests.swift; sourceTree = "<group>"; };
		7AC80F641C1A7DB900B62556 /* SettingsViewController.swift */ = {isa = PBXFileReference; fileEncoding = 4; lastKnownFileType = sourcecode.swift; path = SettingsViewController.swift; sourceTree = "<group>"; };
		7AF025D61C1B10EC00B51DAA /* t.jpg */ = {isa = PBXFileReference; lastKnownFileType = image.jpeg; path = t.jpg; sourceTree = "<group>"; };
/* End PBXFileReference section */

/* Begin PBXFrameworksBuildPhase section */
		7A4231921C1A4F2000B792B9 /* Frameworks */ = {
			isa = PBXFrameworksBuildPhase;
			buildActionMask = 2147483647;
			files = (
			);
			runOnlyForDeploymentPostprocessing = 0;
		};
		7A4231A71C1A4F2000B792B9 /* Frameworks */ = {
			isa = PBXFrameworksBuildPhase;
			buildActionMask = 2147483647;
			files = (
			);
			runOnlyForDeploymentPostprocessing = 0;
		};
/* End PBXFrameworksBuildPhase section */

/* Begin PBXGroup section */
		7A42318C1C1A4F2000B792B9 = {
			isa = PBXGroup;
			children = (
				7A4231971C1A4F2000B792B9 /* tips */,
				7A4231AD1C1A4F2000B792B9 /* tipsTests */,
				7A4231961C1A4F2000B792B9 /* Products */,
			);
			sourceTree = "<group>";
		};
		7A4231961C1A4F2000B792B9 /* Products */ = {
			isa = PBXGroup;
			children = (
				7A4231951C1A4F2000B792B9 /* TipCal.app */,
				7A4231AA1C1A4F2000B792B9 /* TipCal.xctest */,
			);
			name = Products;
			sourceTree = "<group>";
		};
		7A4231971C1A4F2000B792B9 /* tips */ = {
			isa = PBXGroup;
			children = (
				7AF025D61C1B10EC00B51DAA /* t.jpg */,
				7A42319A1C1A4F2000B792B9 /* AppDelegate.swift */,
				7A42319C1C1A4F2000B792B9 /* ViewController.swift */,
				7A42319E1C1A4F2000B792B9 /* Main.storyboard */,
				7AC80F641C1A7DB900B62556 /* SettingsViewController.swift */,
				7A4231A11C1A4F2000B792B9 /* Images.xcassets */,
				7A4231A31C1A4F2000B792B9 /* LaunchScreen.xib */,
				7A4231981C1A4F2000B792B9 /* Supporting Files */,
			);
			path = tips;
			sourceTree = "<group>";
		};
		7A4231981C1A4F2000B792B9 /* Supporting Files */ = {
			isa = PBXGroup;
			children = (
				7A4231991C1A4F2000B792B9 /* Info.plist */,
			);
			name = "Supporting Files";
			sourceTree = "<group>";
		};
		7A4231AD1C1A4F2000B792B9 /* tipsTests */ = {
			isa = PBXGroup;
			children = (
				7A4231B01C1A4F2000B792B9 /* tipsTests.swift */,
				7A4231AE1C1A4F2000B792B9 /* Supporting Files */,
			);
			path = tipsTests;
			sourceTree = "<group>";
		};
		7A4231AE1C1A4F2000B792B9 /* Supporting Files */ = {
			isa = PBXGroup;
			children = (
				7A4231AF1C1A4F2000B792B9 /* Info.plist */,
			);
			name = "Supporting Files";
			sourceTree = "<group>";
		};
/* End PBXGroup section */

/* Begin PBXNativeTarget section */
		7A4231941C1A4F2000B792B9 /* TipCal */ = {
			isa = PBXNativeTarget;
			buildConfigurationList = 7A4231B41C1A4F2000B792B9 /* Build configuration list for PBXNativeTarget "TipCal" */;
			buildPhases = (
				7A4231911C1A4F2000B792B9 /* Sources */,
				7A4231921C1A4F2000B792B9 /* Frameworks */,
				7A4231931C1A4F2000B792B9 /* Resources */,
			);
			buildRules = (
			);
			dependencies = (
			);
			name = TipCal;
			productName = tips;
			productReference = 7A4231951C1A4F2000B792B9 /* TipCal.app */;
			productType = "com.apple.product-type.application";
		};
		7A4231A91C1A4F2000B792B9 /* TipCalTests */ = {
			isa = PBXNativeTarget;
			buildConfigurationList = 7A4231B71C1A4F2000B792B9 /* Build configuration list for PBXNativeTarget "TipCalTests" */;
			buildPhases = (
				7A4231A61C1A4F2000B792B9 /* Sources */,
				7A4231A71C1A4F2000B792B9 /* Frameworks */,
				7A4231A81C1A4F2000B792B9 /* Resources */,
			);
			buildRules = (
			);
			dependencies = (
				7A4231AC1C1A4F2000B792B9 /* PBXTargetDependency */,
			);
			name = TipCalTests;
			productName = tipsTests;
			productReference = 7A4231AA1C1A4F2000B792B9 /* TipCal.xctest */;
			productType = "com.apple.product-type.bundle.unit-test";
		};
/* End PBXNativeTarget section */

/* Begin PBXProject section */
		7A42318D1C1A4F2000B792B9 /* Project object */ = {
			isa = PBXProject;
			attributes = {
				LastSwiftUpdateCheck = 0720;
				LastUpgradeCheck = 0720;
				ORGANIZATIONNAME = "Parijat Mazumdar";
				TargetAttributes = {
					7A4231941C1A4F2000B792B9 = {
						CreatedOnToolsVersion = 6.4;
						DevelopmentTeam = X28Q3N5L95;
					};
					7A4231A91C1A4F2000B792B9 = {
						CreatedOnToolsVersion = 6.4;
						TestTargetID = 7A4231941C1A4F2000B792B9;
					};
				};
			};
			buildConfigurationList = 7A4231901C1A4F2000B792B9 /* Build configuration list for PBXProject "TipCal" */;
			compatibilityVersion = "Xcode 3.2";
			developmentRegion = English;
			hasScannedForEncodings = 0;
			knownRegions = (
				en,
				Base,
			);
			mainGroup = 7A42318C1C1A4F2000B792B9;
			productRefGroup = 7A4231961C1A4F2000B792B9 /* Products */;
			projectDirPath = "";
			projectRoot = "";
			targets = (
				7A4231941C1A4F2000B792B9 /* TipCal */,
				7A4231A91C1A4F2000B792B9 /* TipCalTests */,
			);
		};
/* End PBXProject section */

/* Begin PBXResourcesBuildPhase section */
		7A4231931C1A4F2000B792B9 /* Resources */ = {
			isa = PBXResourcesBuildPhase;
			buildActionMask = 2147483647;
			files = (
				7AF025D71C1B10EC00B51DAA /* t.jpg in Resources */,
				7A4231A01C1A4F2000B792B9 /* Main.storyboard in Resources */,
				7A4231A51C1A4F2000B792B9 /* LaunchScreen.xib in Resources */,
				7A4231A21C1A4F2000B792B9 /* Images.xcassets in Resources */,
			);
			runOnlyForDeploymentPostprocessing = 0;
		};
		7A4231A81C1A4F2000B792B9 /* Resources */ = {
			isa = PBXResourcesBuildPhase;
			buildActionMask = 2147483647;
			files = (
			);
			runOnlyForDeploymentPostprocessing = 0;
		};
/* End PBXResourcesBuildPhase section */

/* Begin PBXSourcesBuildPhase section */
		7A4231911C1A4F2000B792B9 /* Sources */ = {
			isa = PBXSourcesBuildPhase;
			buildActionMask = 2147483647;
			files = (
				7A42319D1C1A4F2000B792B9 /* ViewController.swift in Sources */,
				7A42319B1C1A4F2000B792B9 /* AppDelegate.swift in Sources */,
				7AC80F651C1A7DB900B62556 /* SettingsViewController.swift in Sources */,
			);
			runOnlyForDeploymentPostprocessing = 0;
		};
		7A4231A61C1A4F2000B792B9 /* Sources */ = {
			isa = PBXSourcesBuildPhase;
			buildActionMask = 2147483647;
			files = (
				7A4231B11C1A4F2000B792B9 /* tipsTests.swift in Sources */,
			);
			runOnlyForDeploymentPostprocessing = 0;
		};
/* End PBXSourcesBuildPhase section */

/* Begin PBXTargetDependency section */
		7A4231AC1C1A4F2000B792B9 /* PBXTargetDependency */ = {
			isa = PBXTargetDependency;
			target = 7A4231941C1A4F2000B792B9 /* TipCal */;
			targetProxy = 7A4231AB1C1A4F2000B792B9 /* PBXContainerItemProxy */;
		};
/* End PBXTargetDependency section */

/* Begin PBXVariantGroup section */
		7A42319E1C1A4F2000B792B9 /* Main.storyboard */ = {
			isa = PBXVariantGroup;
			children = (
				7A42319F1C1A4F2000B792B9 /* Base */,
			);
			name = Main.storyboard;
			sourceTree = "<group>";
		};
		7A4231A31C1A4F2000B792B9 /* LaunchScreen.xib */ = {
			isa = PBXVariantGroup;
			children = (
				7A4231A41C1A4F2000B792B9 /* Base */,
			);
			name = LaunchScreen.xib;
			sourceTree = "<group>";
		};
/* End PBXVariantGroup section */

/* Begin XCBuildConfiguration section */
		7A4231B21C1A4F2000B792B9 /* Debug */ = {
			isa = XCBuildConfiguration;
			buildSettings = {
				ALWAYS_SEARCH_USER_PATHS = NO;
				CLANG_CXX_LANGUAGE_STANDARD = "gnu++0x";
				CLANG_CXX_LIBRARY = "libc++";
				CLANG_ENABLE_MODULES = YES;
				CLANG_ENABLE_OBJC_ARC = YES;
				CLANG_WARN_BOOL_CONVERSION = YES;
				CLANG_WARN_CONSTANT_CONVERSION = YES;
				CLANG_WARN_DIRECT_OBJC_ISA_USAGE = YES_ERROR;
				CLANG_WARN_EMPTY_BODY = YES;
				CLANG_WARN_ENUM_CONVERSION = YES;
				CLANG_WARN_INT_CONVERSION = YES;
				CLANG_WARN_OBJC_ROOT_CLASS = YES_ERROR;
				CLANG_WARN_UNREACHABLE_CODE = YES;
				CLANG_WARN__DUPLICATE_METHOD_MATCH = YES;
				"CODE_SIGN_IDENTITY[sdk=iphoneos*]" = "iPhone Developer";
				COPY_PHASE_STRIP = NO;
				DEBUG_INFORMATION_FORMAT = "dwarf-with-dsym";
				ENABLE_STRICT_OBJC_MSGSEND = YES;
				ENABLE_TESTABILITY = YES;
				GCC_C_LANGUAGE_STANDARD = gnu99;
				GCC_DYNAMIC_NO_PIC = NO;
				GCC_NO_COMMON_BLOCKS = YES;
				GCC_OPTIMIZATION_LEVEL = 0;
				GCC_PREPROCESSOR_DEFINITIONS = (
					"DEBUG=1",
					"$(inherited)",
				);
				GCC_SYMBOLS_PRIVATE_EXTERN = NO;
				GCC_WARN_64_TO_32_BIT_CONVERSION = YES;
				GCC_WARN_ABOUT_RETURN_TYPE = YES_ERROR;
				GCC_WARN_UNDECLARED_SELECTOR = YES;
				GCC_WARN_UNINITIALIZED_AUTOS = YES_AGGRESSIVE;
				GCC_WARN_UNUSED_FUNCTION = YES;
				GCC_WARN_UNUSED_VARIABLE = YES;
				IPHONEOS_DEPLOYMENT_TARGET = 9.1;
				MTL_ENABLE_DEBUG_INFO = YES;
				ONLY_ACTIVE_ARCH = YES;
				SDKROOT = iphoneos;
				SWIFT_OPTIMIZATION_LEVEL = "-Onone";
			};
			name = Debug;
		};
		7A4231B31C1A4F2000B792B9 /* Release */ = {
			isa = XCBuildConfiguration;
			buildSettings = {
				ALWAYS_SEARCH_USER_PATHS = NO;
				CLANG_CXX_LANGUAGE_STANDARD = "gnu++0x";
				CLANG_CXX_LIBRARY = "libc++";
				CLANG_ENABLE_MODULES = YES;
				CLANG_ENABLE_OBJC_ARC = YES;
				CLANG_WARN_BOOL_CONVERSION = YES;
				CLANG_WARN_CONSTANT_CONVERSION = YES;
				CLANG_WARN_DIRECT_OBJC_ISA_USAGE = YES_ERROR;
				CLANG_WARN_EMPTY_BODY = YES;
				CLANG_WARN_ENUM_CONVERSION = YES;
				CLANG_WARN_INT_CONVERSION = YES;
				CLANG_WARN_OBJC_ROOT_CLASS = YES_ERROR;
				CLANG_WARN_UNREACHABLE_CODE = YES;
				CLANG_WARN__DUPLICATE_METHOD_MATCH = YES;
				"CODE_SIGN_IDENTITY[sdk=iphoneos*]" = "iPhone Developer";
				COPY_PHASE_STRIP = NO;
				DEBUG_INFORMATION_FORMAT = "dwarf-with-dsym";
				ENABLE_NS_ASSERTIONS = NO;
				ENABLE_STRICT_OBJC_MSGSEND = YES;
				GCC_C_LANGUAGE_STANDARD = gnu99;
				GCC_NO_COMMON_BLOCKS = YES;
				GCC_WARN_64_TO_32_BIT_CONVERSION = YES;
				GCC_WARN_ABOUT_RETURN_TYPE = YES_ERROR;
				GCC_WARN_UNDECLARED_SELECTOR = YES;
				GCC_WARN_UNINITIALIZED_AUTOS = YES_AGGRESSIVE;
				GCC_WARN_UNUSED_FUNCTION = YES;
				GCC_WARN_UNUSED_VARIABLE = YES;
				IPHONEOS_DEPLOYMENT_TARGET = 9.1;
				MTL_ENABLE_DEBUG_INFO = NO;
				SDKROOT = iphoneos;
				VALIDATE_PRODUCT = YES;
			};
			name = Release;
		};
		7A4231B51C1A4F2000B792B9 /* Debug */ = {
			isa = XCBuildConfiguration;
			buildSettings = {
				ASSETCATALOG_COMPILER_APPICON_NAME = AppIcon;
				CODE_SIGN_IDENTITY = "iPhone Developer";
				"CODE_SIGN_IDENTITY[sdk=iphoneos*]" = "iPhone Developer";
				INFOPLIST_FILE = tips/Info.plist;
				LD_RUNPATH_SEARCH_PATHS = "$(inherited) @executable_path/Frameworks";
				PRODUCT_BUNDLE_IDENTIFIER = "self.$(PRODUCT_NAME:rfc1034identifier)";
				PRODUCT_NAME = TipCal;
				PROVISIONING_PROFILE = "";
				TARGETED_DEVICE_FAMILY = 1;
			};
			name = Debug;
		};
		7A4231B61C1A4F2000B792B9 /* Release */ = {
			isa = XCBuildConfiguration;
			buildSettings = {
				ASSETCATALOG_COMPILER_APPICON_NAME = AppIcon;
				CODE_SIGN_IDENTITY = "iPhone Developer";
				"CODE_SIGN_IDENTITY[sdk=iphoneos*]" = "iPhone Developer";
				INFOPLIST_FILE = tips/Info.plist;
				LD_RUNPATH_SEARCH_PATHS = "$(inherited) @executable_path/Frameworks";
				PRODUCT_BUNDLE_IDENTIFIER = "self.$(PRODUCT_NAME:rfc1034identifier)";
				PRODUCT_NAME = TipCal;
				PROVISIONING_PROFILE = "";
				TARGETED_DEVICE_FAMILY = 1;
			};
			name = Release;
		};
		7A4231B81C1A4F2000B792B9 /* Debug */ = {
			isa = XCBuildConfiguration;
			buildSettings = {
				BUNDLE_LOADER = "$(TEST_HOST)";
				FRAMEWORK_SEARCH_PATHS = (
					"$(SDKROOT)/Developer/Library/Frameworks",
					"$(inherited)",
				);
				GCC_PREPROCESSOR_DEFINITIONS = (
					"DEBUG=1",
					"$(inherited)",
				);
				INFOPLIST_FILE = tipsTests/Info.plist;
				LD_RUNPATH_SEARCH_PATHS = "$(inherited) @executable_path/Frameworks @loader_path/Frameworks";
				PRODUCT_BUNDLE_IDENTIFIER = "self.$(PRODUCT_NAME:rfc1034identifier)";
				PRODUCT_NAME = TipCal;
				TEST_HOST = "$(BUILT_PRODUCTS_DIR)/TipCal.app/TipCal";
			};
			name = Debug;
		};
		7A4231B91C1A4F2000B792B9 /* Release */ = {
			isa = XCBuildConfiguration;
			buildSettings = {
				BUNDLE_LOADER = "$(TEST_HOST)";
				FRAMEWORK_SEARCH_PATHS = (
					"$(SDKROOT)/Developer/Library/Frameworks",
					"$(inherited)",
				);
				INFOPLIST_FILE = tipsTests/Info.plist;
				LD_RUNPATH_SEARCH_PATHS = "$(inherited) @executable_path/Frameworks @loader_path/Frameworks";
				PRODUCT_BUNDLE_IDENTIFIER = "self.$(PRODUCT_NAME:rfc1034identifier)";
				PRODUCT_NAME = TipCal;
				TEST_HOST = "$(BUILT_PRODUCTS_DIR)/TipCal.app/TipCal";
			};
			name = Release;
		};
/* End XCBuildConfiguration section */

/* Begin XCConfigurationList section */
		7A4231901C1A4F2000B792B9 /* Build configuration list for PBXProject "TipCal" */ = {
			isa = XCConfigurationList;
			buildConfigurations = (
				7A4231B21C1A4F2000B792B9 /* Debug */,
				7A4231B31C1A4F2000B792B9 /* Release */,
			);
			defaultConfigurationIsVisible = 0;
			defaultConfigurationName = Release;
		};
		7A4231B41C1A4F2000B792B9 /* Build configuration list for PBXNativeTarget "TipCal" */ = {
			isa = XCConfigurationList;
			buildConfigurations = (
				7A4231B51C1A4F2000B792B9 /* Debug */,
				7A4231B61C1A4F2000B792B9 /* Release */,
			);
			defaultConfigurationIsVisible = 0;
			defaultConfigurationName = Release;
		};
		7A4231B71C1A4F2000B792B9 /* Build configuration list for PBXNativeTarget "TipCalTests" */ = {
			isa = XCConfigurationList;
			buildConfigurations = (
				7A4231B81C1A4F2000B792B9 /* Debug */,
				7A4231B91C1A4F2000B792B9 /* Release */,
			);
			defaultConfigurationIsVisible = 0;
			defaultConfigurationName = Release;
		};
/* End XCConfigurationList section */
	};
	rootObject = 7A42318D1C1A4F2000B792B9 /* Project object */;
}
